// !$*UTF8*$!
{
	archiveVersion = 1;
	classes = {
	};
	objectVersion = 48;
	objects = {

/* Begin PBXBuildFile section */
		0A149AA61FF9D54B00E12932 /* Home.storyboard in Resources */ = {isa = PBXBuildFile; fileRef = 0A149AA51FF9D54B00E12932 /* Home.storyboard */; };
		0A149AA81FF9D58D00E12932 /* Recommend.storyboard in Resources */ = {isa = PBXBuildFile; fileRef = 0A149AA71FF9D58D00E12932 /* Recommend.storyboard */; };
		0A149AAA1FF9D5BA00E12932 /* Docent.storyboard in Resources */ = {isa = PBXBuildFile; fileRef = 0A149AA91FF9D5BA00E12932 /* Docent.storyboard */; };
		0A149AAC1FF9D5CE00E12932 /* Search.storyboard in Resources */ = {isa = PBXBuildFile; fileRef = 0A149AAB1FF9D5CE00E12932 /* Search.storyboard */; };
		0A149AAE1FF9D5DF00E12932 /* MyPage.storyboard in Resources */ = {isa = PBXBuildFile; fileRef = 0A149AAD1FF9D5DF00E12932 /* MyPage.storyboard */; };
		0A149AB51FF9EAFB00E12932 /* DocentPlayerViewController.swift in Sources */ = {isa = PBXBuildFile; fileRef = 0A149AB41FF9EAFB00E12932 /* DocentPlayerViewController.swift */; };
		0A149AB71FF9F86400E12932 /* ToggleButton.swift in Sources */ = {isa = PBXBuildFile; fileRef = 0A149AB61FF9F86400E12932 /* ToggleButton.swift */; };
		0A149ABC1FF9FADB00E12932 /* Moo Latte x Roux Spana - James in Heaven.mp3 in Resources */ = {isa = PBXBuildFile; fileRef = 0A149AB91FF9FADB00E12932 /* Moo Latte x Roux Spana - James in Heaven.mp3 */; };
		0A149ABD1FF9FADB00E12932 /* Life In Motion.wav in Resources */ = {isa = PBXBuildFile; fileRef = 0A149ABA1FF9FADB00E12932 /* Life In Motion.wav */; };
		0A149ABE1FF9FADB00E12932 /* NYC (Frank Sinatra Sample).wav in Resources */ = {isa = PBXBuildFile; fileRef = 0A149ABB1FF9FADB00E12932 /* NYC (Frank Sinatra Sample).wav */; };
		0A149AC01FFA1A4200E12932 /* DocentMainViewController.swift in Sources */ = {isa = PBXBuildFile; fileRef = 0A149ABF1FFA1A4200E12932 /* DocentMainViewController.swift */; };
		0A149AC41FFA202C00E12932 /* DocentAroundTableViewController.swift in Sources */ = {isa = PBXBuildFile; fileRef = 0A149AC31FFA202C00E12932 /* DocentAroundTableViewController.swift */; };
		0A149AC61FFA209A00E12932 /* DocentMyTableViewController.swift in Sources */ = {isa = PBXBuildFile; fileRef = 0A149AC51FFA209A00E12932 /* DocentMyTableViewController.swift */; };
		0A149AC81FFA213800E12932 /* ExtensionControl.swift in Sources */ = {isa = PBXBuildFile; fileRef = 0A149AC71FFA213800E12932 /* ExtensionControl.swift */; };
		0A149AD01FFA2F7800E12932 /* DocentListTableViewCell.swift in Sources */ = {isa = PBXBuildFile; fileRef = 0A149ACE1FFA2F7800E12932 /* DocentListTableViewCell.swift */; };
		0A149AD11FFA2F7800E12932 /* DocentListTableViewCell.xib in Resources */ = {isa = PBXBuildFile; fileRef = 0A149ACF1FFA2F7800E12932 /* DocentListTableViewCell.xib */; };
		0A149AD71FFA527A00E12932 /* DocentPlayListHeaderCell.xib in Resources */ = {isa = PBXBuildFile; fileRef = 0A149AD61FFA527A00E12932 /* DocentPlayListHeaderCell.xib */; };
		0A72FAF81FFA5B0C0051EF9A /* DocentPlayListTableViewController.swift in Sources */ = {isa = PBXBuildFile; fileRef = 0A72FAF71FFA5B0C0051EF9A /* DocentPlayListTableViewController.swift */; };
		0A72FAFA1FFA5B5F0051EF9A /* DocentPlayListTableViewCell.swift in Sources */ = {isa = PBXBuildFile; fileRef = 0A72FAF91FFA5B5F0051EF9A /* DocentPlayListTableViewCell.swift */; };
		0A72FAFD1FFA5D7B0051EF9A /* SplashViewController.swift in Sources */ = {isa = PBXBuildFile; fileRef = 0A72FAFC1FFA5D7B0051EF9A /* SplashViewController.swift */; };
		0A72FAFF1FFA8D610051EF9A /* DocentPlayListHeaderCell.swift in Sources */ = {isa = PBXBuildFile; fileRef = 0A72FAFE1FFA8D610051EF9A /* DocentPlayListHeaderCell.swift */; };
		0A72FB011FFB60B80051EF9A /* UserDataRequest.swift in Sources */ = {isa = PBXBuildFile; fileRef = 0A72FB001FFB60B80051EF9A /* UserDataRequest.swift */; };
		0AEFBF0C1FF93D0A0090920B /* AppDelegate.swift in Sources */ = {isa = PBXBuildFile; fileRef = 0AEFBF0B1FF93D0A0090920B /* AppDelegate.swift */; };
		0AEFBF111FF93D0A0090920B /* Main.storyboard in Resources */ = {isa = PBXBuildFile; fileRef = 0AEFBF0F1FF93D0A0090920B /* Main.storyboard */; };
		0AEFBF131FF93D0A0090920B /* Assets.xcassets in Resources */ = {isa = PBXBuildFile; fileRef = 0AEFBF121FF93D0A0090920B /* Assets.xcassets */; };
		0AEFBF161FF93D0B0090920B /* LaunchScreen.storyboard in Resources */ = {isa = PBXBuildFile; fileRef = 0AEFBF141FF93D0A0090920B /* LaunchScreen.storyboard */; };
		A97DB55861EEC05EF7213CAC /* Pods_Easy_Fun_Art.framework in Frameworks */ = {isa = PBXBuildFile; fileRef = 536B530A714ADAE626CD05E7 /* Pods_Easy_Fun_Art.framework */; };
/* End PBXBuildFile section */

/* Begin PBXFileReference section */
		0A149AA51FF9D54B00E12932 /* Home.storyboard */ = {isa = PBXFileReference; lastKnownFileType = file.storyboard; path = Home.storyboard; sourceTree = "<group>"; };
		0A149AA71FF9D58D00E12932 /* Recommend.storyboard */ = {isa = PBXFileReference; lastKnownFileType = file.storyboard; path = Recommend.storyboard; sourceTree = "<group>"; };
		0A149AA91FF9D5BA00E12932 /* Docent.storyboard */ = {isa = PBXFileReference; lastKnownFileType = file.storyboard; path = Docent.storyboard; sourceTree = "<group>"; };
		0A149AAB1FF9D5CE00E12932 /* Search.storyboard */ = {isa = PBXFileReference; lastKnownFileType = file.storyboard; path = Search.storyboard; sourceTree = "<group>"; };
		0A149AAD1FF9D5DF00E12932 /* MyPage.storyboard */ = {isa = PBXFileReference; lastKnownFileType = file.storyboard; path = MyPage.storyboard; sourceTree = "<group>"; };
		0A149AB41FF9EAFB00E12932 /* DocentPlayerViewController.swift */ = {isa = PBXFileReference; lastKnownFileType = sourcecode.swift; path = DocentPlayerViewController.swift; sourceTree = "<group>"; };
		0A149AB61FF9F86400E12932 /* ToggleButton.swift */ = {isa = PBXFileReference; lastKnownFileType = sourcecode.swift; path = ToggleButton.swift; sourceTree = "<group>"; };
		0A149AB91FF9FADB00E12932 /* Moo Latte x Roux Spana - James in Heaven.mp3 */ = {isa = PBXFileReference; lastKnownFileType = audio.mp3; path = "Moo Latte x Roux Spana - James in Heaven.mp3"; sourceTree = "<group>"; };
		0A149ABA1FF9FADB00E12932 /* Life In Motion.wav */ = {isa = PBXFileReference; lastKnownFileType = audio.wav; path = "Life In Motion.wav"; sourceTree = "<group>"; };
		0A149ABB1FF9FADB00E12932 /* NYC (Frank Sinatra Sample).wav */ = {isa = PBXFileReference; lastKnownFileType = audio.wav; path = "NYC (Frank Sinatra Sample).wav"; sourceTree = "<group>"; };
		0A149ABF1FFA1A4200E12932 /* DocentMainViewController.swift */ = {isa = PBXFileReference; lastKnownFileType = sourcecode.swift; path = DocentMainViewController.swift; sourceTree = "<group>"; };
		0A149AC31FFA202C00E12932 /* DocentAroundTableViewController.swift */ = {isa = PBXFileReference; lastKnownFileType = sourcecode.swift; path = DocentAroundTableViewController.swift; sourceTree = "<group>"; };
		0A149AC51FFA209A00E12932 /* DocentMyTableViewController.swift */ = {isa = PBXFileReference; lastKnownFileType = sourcecode.swift; path = DocentMyTableViewController.swift; sourceTree = "<group>"; };
		0A149AC71FFA213800E12932 /* ExtensionControl.swift */ = {isa = PBXFileReference; lastKnownFileType = sourcecode.swift; path = ExtensionControl.swift; sourceTree = "<group>"; };
		0A149ACE1FFA2F7800E12932 /* DocentListTableViewCell.swift */ = {isa = PBXFileReference; lastKnownFileType = sourcecode.swift; path = DocentListTableViewCell.swift; sourceTree = "<group>"; };
		0A149ACF1FFA2F7800E12932 /* DocentListTableViewCell.xib */ = {isa = PBXFileReference; lastKnownFileType = file.xib; path = DocentListTableViewCell.xib; sourceTree = "<group>"; };
		0A149AD61FFA527A00E12932 /* DocentPlayListHeaderCell.xib */ = {isa = PBXFileReference; lastKnownFileType = file.xib; path = DocentPlayListHeaderCell.xib; sourceTree = "<group>"; };
		0A72FAF71FFA5B0C0051EF9A /* DocentPlayListTableViewController.swift */ = {isa = PBXFileReference; lastKnownFileType = sourcecode.swift; path = DocentPlayListTableViewController.swift; sourceTree = "<group>"; };
		0A72FAF91FFA5B5F0051EF9A /* DocentPlayListTableViewCell.swift */ = {isa = PBXFileReference; lastKnownFileType = sourcecode.swift; path = DocentPlayListTableViewCell.swift; sourceTree = "<group>"; };
		0A72FAFC1FFA5D7B0051EF9A /* SplashViewController.swift */ = {isa = PBXFileReference; lastKnownFileType = sourcecode.swift; path = SplashViewController.swift; sourceTree = "<group>"; };
		0A72FAFE1FFA8D610051EF9A /* DocentPlayListHeaderCell.swift */ = {isa = PBXFileReference; lastKnownFileType = sourcecode.swift; path = DocentPlayListHeaderCell.swift; sourceTree = "<group>"; };
		0A72FB001FFB60B80051EF9A /* UserDataRequest.swift */ = {isa = PBXFileReference; lastKnownFileType = sourcecode.swift; path = UserDataRequest.swift; sourceTree = "<group>"; };
		0AEFBF081FF93D0A0090920B /* Easy Fun Art.app */ = {isa = PBXFileReference; explicitFileType = wrapper.application; includeInIndex = 0; path = "Easy Fun Art.app"; sourceTree = BUILT_PRODUCTS_DIR; };
		0AEFBF0B1FF93D0A0090920B /* AppDelegate.swift */ = {isa = PBXFileReference; lastKnownFileType = sourcecode.swift; path = AppDelegate.swift; sourceTree = "<group>"; };
		0AEFBF101FF93D0A0090920B /* Base */ = {isa = PBXFileReference; lastKnownFileType = file.storyboard; name = Base; path = Base.lproj/Main.storyboard; sourceTree = "<group>"; };
		0AEFBF121FF93D0A0090920B /* Assets.xcassets */ = {isa = PBXFileReference; lastKnownFileType = folder.assetcatalog; path = Assets.xcassets; sourceTree = "<group>"; };
		0AEFBF151FF93D0B0090920B /* Base */ = {isa = PBXFileReference; lastKnownFileType = file.storyboard; name = Base; path = Base.lproj/LaunchScreen.storyboard; sourceTree = "<group>"; };
		0AEFBF171FF93D0B0090920B /* Info.plist */ = {isa = PBXFileReference; lastKnownFileType = text.plist.xml; path = Info.plist; sourceTree = "<group>"; };
		0AEFBF1D1FF93D280090920B /* Easy_Fun_Art.entitlements */ = {isa = PBXFileReference; lastKnownFileType = text.plist.entitlements; path = Easy_Fun_Art.entitlements; sourceTree = "<group>"; };
		269DEB1E069B0D76B42B6BC9 /* Pods-Easy_Fun_Art.debug.xcconfig */ = {isa = PBXFileReference; includeInIndex = 1; lastKnownFileType = text.xcconfig; name = "Pods-Easy_Fun_Art.debug.xcconfig"; path = "Pods/Target Support Files/Pods-Easy_Fun_Art/Pods-Easy_Fun_Art.debug.xcconfig"; sourceTree = "<group>"; };
		536B530A714ADAE626CD05E7 /* Pods_Easy_Fun_Art.framework */ = {isa = PBXFileReference; explicitFileType = wrapper.framework; includeInIndex = 0; path = Pods_Easy_Fun_Art.framework; sourceTree = BUILT_PRODUCTS_DIR; };
		84A242DA41525B3771560F59 /* Pods-Easy_Fun_Art.release.xcconfig */ = {isa = PBXFileReference; includeInIndex = 1; lastKnownFileType = text.xcconfig; name = "Pods-Easy_Fun_Art.release.xcconfig"; path = "Pods/Target Support Files/Pods-Easy_Fun_Art/Pods-Easy_Fun_Art.release.xcconfig"; sourceTree = "<group>"; };
/* End PBXFileReference section */

/* Begin PBXFrameworksBuildPhase section */
		0AEFBF051FF93D0A0090920B /* Frameworks */ = {
			isa = PBXFrameworksBuildPhase;
			buildActionMask = 2147483647;
			files = (
				A97DB55861EEC05EF7213CAC /* Pods_Easy_Fun_Art.framework in Frameworks */,
			);
			runOnlyForDeploymentPostprocessing = 0;
		};
/* End PBXFrameworksBuildPhase section */

/* Begin PBXGroup section */
		0A149AAF1FF9EA7F00E12932 /* DocentViewController */ = {
			isa = PBXGroup;
			children = (
				0A149AB81FF9FA7300E12932 /* audio */,
				0A149ABF1FFA1A4200E12932 /* DocentMainViewController.swift */,
				0A149AC31FFA202C00E12932 /* DocentAroundTableViewController.swift */,
				0A149AC51FFA209A00E12932 /* DocentMyTableViewController.swift */,
				0A149ACE1FFA2F7800E12932 /* DocentListTableViewCell.swift */,
				0A72FAF71FFA5B0C0051EF9A /* DocentPlayListTableViewController.swift */,
				0A72FAF91FFA5B5F0051EF9A /* DocentPlayListTableViewCell.swift */,
				0A72FAFE1FFA8D610051EF9A /* DocentPlayListHeaderCell.swift */,
				0A149AB41FF9EAFB00E12932 /* DocentPlayerViewController.swift */,
			);
			path = DocentViewController;
			sourceTree = "<group>";
		};
		0A149AB01FF9EA9300E12932 /* HomeViewController */ = {
			isa = PBXGroup;
			children = (
			);
			path = HomeViewController;
			sourceTree = "<group>";
		};
		0A149AB11FF9EA9500E12932 /* RecommendViewController */ = {
			isa = PBXGroup;
			children = (
			);
			path = RecommendViewController;
			sourceTree = "<group>";
		};
		0A149AB21FF9EA9700E12932 /* SearchViewController */ = {
			isa = PBXGroup;
			children = (
			);
			path = SearchViewController;
			sourceTree = "<group>";
		};
		0A149AB31FF9EA9800E12932 /* MyPageViewController */ = {
			isa = PBXGroup;
			children = (
			);
			path = MyPageViewController;
			sourceTree = "<group>";
		};
		0A149AB81FF9FA7300E12932 /* audio */ = {
			isa = PBXGroup;
			children = (
				0A149ABA1FF9FADB00E12932 /* Life In Motion.wav */,
				0A149AB91FF9FADB00E12932 /* Moo Latte x Roux Spana - James in Heaven.mp3 */,
				0A149ABB1FF9FADB00E12932 /* NYC (Frank Sinatra Sample).wav */,
			);
			path = audio;
			sourceTree = "<group>";
		};
		0A149ACB1FFA2F0D00E12932 /* DocentViewController */ = {
			isa = PBXGroup;
			children = (
				0A149ACF1FFA2F7800E12932 /* DocentListTableViewCell.xib */,
				0A149AD61FFA527A00E12932 /* DocentPlayListHeaderCell.xib */,
			);
			path = DocentViewController;
			sourceTree = "<group>";
		};
		0A617E921FF93FF900268A91 /* ViewController */ = {
			isa = PBXGroup;
			children = (
				0A72FAFB1FFA5D650051EF9A /* MainViewController */,
				0A149AB01FF9EA9300E12932 /* HomeViewController */,
				0A149AB11FF9EA9500E12932 /* RecommendViewController */,
				0A149AAF1FF9EA7F00E12932 /* DocentViewController */,
				0A149AB21FF9EA9700E12932 /* SearchViewController */,
				0A149AB31FF9EA9800E12932 /* MyPageViewController */,
			);
			path = ViewController;
			sourceTree = "<group>";
		};
		0A617E931FF9402400268A91 /* StoryBoard */ = {
			isa = PBXGroup;
			children = (
				0AEFBF141FF93D0A0090920B /* LaunchScreen.storyboard */,
				0AEFBF0F1FF93D0A0090920B /* Main.storyboard */,
				0A149AA51FF9D54B00E12932 /* Home.storyboard */,
				0A149AA71FF9D58D00E12932 /* Recommend.storyboard */,
				0A149AA91FF9D5BA00E12932 /* Docent.storyboard */,
				0A149AAB1FF9D5CE00E12932 /* Search.storyboard */,
				0A149AAD1FF9D5DF00E12932 /* MyPage.storyboard */,
			);
			path = StoryBoard;
			sourceTree = "<group>";
		};
		0A617E941FF9403200268A91 /* Util */ = {
			isa = PBXGroup;
			children = (
				0A617E951FF9404800268A91 /* Model */,
				0A617E961FF9407000268A91 /* Service */,
				0A617E9A1FF9414B00268A91 /* UI */,
				0A617E991FF940F300268A91 /* Function */,
			);
			path = Util;
			sourceTree = "<group>";
		};
		0A617E951FF9404800268A91 /* Model */ = {
			isa = PBXGroup;
			children = (
			);
			path = Model;
			sourceTree = "<group>";
		};
		0A617E961FF9407000268A91 /* Service */ = {
			isa = PBXGroup;
			children = (
			);
			path = Service;
			sourceTree = "<group>";
		};
		0A617E971FF9408F00268A91 /* Asset */ = {
			isa = PBXGroup;
			children = (
				0AEFBF121FF93D0A0090920B /* Assets.xcassets */,
			);
			path = Asset;
			sourceTree = "<group>";
		};
		0A617E981FF940AE00268A91 /* SupportingFiles */ = {
			isa = PBXGroup;
			children = (
				0AEFBF171FF93D0B0090920B /* Info.plist */,
			);
			path = SupportingFiles;
			sourceTree = "<group>";
		};
		0A617E991FF940F300268A91 /* Function */ = {
			isa = PBXGroup;
			children = (
				0A149AC71FFA213800E12932 /* ExtensionControl.swift */,
				0A72FB001FFB60B80051EF9A /* UserDataRequest.swift */,
			);
			path = Function;
			sourceTree = "<group>";
		};
		0A617E9A1FF9414B00268A91 /* UI */ = {
			isa = PBXGroup;
			children = (
				0A149AB61FF9F86400E12932 /* ToggleButton.swift */,
				0A149ACB1FFA2F0D00E12932 /* DocentViewController */,
			);
			path = UI;
			sourceTree = "<group>";
		};
		0A72FAFB1FFA5D650051EF9A /* MainViewController */ = {
			isa = PBXGroup;
			children = (
				0A72FAFC1FFA5D7B0051EF9A /* SplashViewController.swift */,
			);
			path = MainViewController;
			sourceTree = "<group>";
		};
		0AEFBEFF1FF93D0A0090920B = {
			isa = PBXGroup;
			children = (
				0AEFBF0A1FF93D0A0090920B /* Easy_Fun_Art */,
				0AEFBF091FF93D0A0090920B /* Products */,
				3EAA25C728D7E422AE54EBE1 /* Pods */,
				DA050D1580A41FA39FAD9CCA /* Frameworks */,
			);
			sourceTree = "<group>";
		};
		0AEFBF091FF93D0A0090920B /* Products */ = {
			isa = PBXGroup;
			children = (
				0AEFBF081FF93D0A0090920B /* Easy Fun Art.app */,
			);
			name = Products;
			sourceTree = "<group>";
		};
		0AEFBF0A1FF93D0A0090920B /* Easy_Fun_Art */ = {
			isa = PBXGroup;
			children = (
				0AEFBF1D1FF93D280090920B /* Easy_Fun_Art.entitlements */,
				0AEFBF0B1FF93D0A0090920B /* AppDelegate.swift */,
				0A617E921FF93FF900268A91 /* ViewController */,
				0A617E931FF9402400268A91 /* StoryBoard */,
				0A617E941FF9403200268A91 /* Util */,
				0A617E971FF9408F00268A91 /* Asset */,
				0A617E981FF940AE00268A91 /* SupportingFiles */,
			);
			path = Easy_Fun_Art;
			sourceTree = "<group>";
		};
		3EAA25C728D7E422AE54EBE1 /* Pods */ = {
			isa = PBXGroup;
			children = (
				269DEB1E069B0D76B42B6BC9 /* Pods-Easy_Fun_Art.debug.xcconfig */,
				84A242DA41525B3771560F59 /* Pods-Easy_Fun_Art.release.xcconfig */,
			);
			name = Pods;
			sourceTree = "<group>";
		};
		DA050D1580A41FA39FAD9CCA /* Frameworks */ = {
			isa = PBXGroup;
			children = (
				536B530A714ADAE626CD05E7 /* Pods_Easy_Fun_Art.framework */,
			);
			name = Frameworks;
			sourceTree = "<group>";
		};
/* End PBXGroup section */

/* Begin PBXNativeTarget section */
		0AEFBF071FF93D0A0090920B /* Easy_Fun_Art */ = {
			isa = PBXNativeTarget;
			buildConfigurationList = 0AEFBF1A1FF93D0B0090920B /* Build configuration list for PBXNativeTarget "Easy_Fun_Art" */;
			buildPhases = (
				76676B8FBCD8E84E547582D9 /* [CP] Check Pods Manifest.lock */,
				0AEFBF041FF93D0A0090920B /* Sources */,
				0AEFBF051FF93D0A0090920B /* Frameworks */,
				0AEFBF061FF93D0A0090920B /* Resources */,
				6AA10F342E846AC55B8F9204 /* [CP] Embed Pods Frameworks */,
				B5FBC6AA49BBB5739B79E180 /* [CP] Copy Pods Resources */,
			);
			buildRules = (
			);
			dependencies = (
			);
			name = Easy_Fun_Art;
			productName = Easy_Fun_Art;
			productReference = 0AEFBF081FF93D0A0090920B /* Easy Fun Art.app */;
			productType = "com.apple.product-type.application";
		};
/* End PBXNativeTarget section */

/* Begin PBXProject section */
		0AEFBF001FF93D0A0090920B /* Project object */ = {
			isa = PBXProject;
			attributes = {
				LastSwiftUpdateCheck = 0900;
				LastUpgradeCheck = 0900;
				ORGANIZATIONNAME = hyejin;
				TargetAttributes = {
					0AEFBF071FF93D0A0090920B = {
						CreatedOnToolsVersion = 9.0.1;
						ProvisioningStyle = Automatic;
						SystemCapabilities = {
							com.apple.BackgroundModes = {
								enabled = 1;
							};
							com.apple.DataProtection = {
								enabled = 0;
							};
						};
					};
				};
			};
			buildConfigurationList = 0AEFBF031FF93D0A0090920B /* Build configuration list for PBXProject "Easy_Fun_Art" */;
			compatibilityVersion = "Xcode 8.0";
			developmentRegion = en;
			hasScannedForEncodings = 0;
			knownRegions = (
				en,
				Base,
			);
			mainGroup = 0AEFBEFF1FF93D0A0090920B;
			productRefGroup = 0AEFBF091FF93D0A0090920B /* Products */;
			projectDirPath = "";
			projectRoot = "";
			targets = (
				0AEFBF071FF93D0A0090920B /* Easy_Fun_Art */,
			);
		};
/* End PBXProject section */

/* Begin PBXResourcesBuildPhase section */
		0AEFBF061FF93D0A0090920B /* Resources */ = {
			isa = PBXResourcesBuildPhase;
			buildActionMask = 2147483647;
			files = (
				0A149AD11FFA2F7800E12932 /* DocentListTableViewCell.xib in Resources */,
				0AEFBF161FF93D0B0090920B /* LaunchScreen.storyboard in Resources */,
				0A149AAA1FF9D5BA00E12932 /* Docent.storyboard in Resources */,
				0A149AA81FF9D58D00E12932 /* Recommend.storyboard in Resources */,
				0A149AAE1FF9D5DF00E12932 /* MyPage.storyboard in Resources */,
				0AEFBF131FF93D0A0090920B /* Assets.xcassets in Resources */,
				0A149AAC1FF9D5CE00E12932 /* Search.storyboard in Resources */,
				0AEFBF111FF93D0A0090920B /* Main.storyboard in Resources */,
				0A149ABD1FF9FADB00E12932 /* Life In Motion.wav in Resources */,
				0A149AD71FFA527A00E12932 /* DocentPlayListHeaderCell.xib in Resources */,
				0A149ABE1FF9FADB00E12932 /* NYC (Frank Sinatra Sample).wav in Resources */,
				0A149AA61FF9D54B00E12932 /* Home.storyboard in Resources */,
				0A149ABC1FF9FADB00E12932 /* Moo Latte x Roux Spana - James in Heaven.mp3 in Resources */,
			);
			runOnlyForDeploymentPostprocessing = 0;
		};
/* End PBXResourcesBuildPhase section */

/* Begin PBXShellScriptBuildPhase section */
		6AA10F342E846AC55B8F9204 /* [CP] Embed Pods Frameworks */ = {
			isa = PBXShellScriptBuildPhase;
			buildActionMask = 2147483647;
			files = (
			);
			inputPaths = (
			);
			name = "[CP] Embed Pods Frameworks";
			outputPaths = (
			);
			runOnlyForDeploymentPostprocessing = 0;
			shellPath = /bin/sh;
			shellScript = "\"${SRCROOT}/Pods/Target Support Files/Pods-Easy_Fun_Art/Pods-Easy_Fun_Art-frameworks.sh\"\n";
			showEnvVarsInLog = 0;
		};
		76676B8FBCD8E84E547582D9 /* [CP] Check Pods Manifest.lock */ = {
			isa = PBXShellScriptBuildPhase;
			buildActionMask = 2147483647;
			files = (
			);
			inputPaths = (
			);
			name = "[CP] Check Pods Manifest.lock";
			outputPaths = (
			);
			runOnlyForDeploymentPostprocessing = 0;
			shellPath = /bin/sh;
			shellScript = "diff \"${PODS_PODFILE_DIR_PATH}/Podfile.lock\" \"${PODS_ROOT}/Manifest.lock\" > /dev/null\nif [ $? != 0 ] ; then\n    # print error to STDERR\n    echo \"error: The sandbox is not in sync with the Podfile.lock. Run 'pod install' or update your CocoaPods installation.\" >&2\n    exit 1\nfi\n";
			showEnvVarsInLog = 0;
		};
		B5FBC6AA49BBB5739B79E180 /* [CP] Copy Pods Resources */ = {
			isa = PBXShellScriptBuildPhase;
			buildActionMask = 2147483647;
			files = (
			);
			inputPaths = (
			);
			name = "[CP] Copy Pods Resources";
			outputPaths = (
			);
			runOnlyForDeploymentPostprocessing = 0;
			shellPath = /bin/sh;
			shellScript = "\"${SRCROOT}/Pods/Target Support Files/Pods-Easy_Fun_Art/Pods-Easy_Fun_Art-resources.sh\"\n";
			showEnvVarsInLog = 0;
		};
/* End PBXShellScriptBuildPhase section */

/* Begin PBXSourcesBuildPhase section */
		0AEFBF041FF93D0A0090920B /* Sources */ = {
			isa = PBXSourcesBuildPhase;
			buildActionMask = 2147483647;
			files = (
				0A149AB51FF9EAFB00E12932 /* DocentPlayerViewController.swift in Sources */,
				0A149AC41FFA202C00E12932 /* DocentAroundTableViewController.swift in Sources */,
				0A72FAFA1FFA5B5F0051EF9A /* DocentPlayListTableViewCell.swift in Sources */,
				0A72FB011FFB60B80051EF9A /* UserDataRequest.swift in Sources */,
				0A149AB71FF9F86400E12932 /* ToggleButton.swift in Sources */,
				0A72FAF81FFA5B0C0051EF9A /* DocentPlayListTableViewController.swift in Sources */,
				0A72FAFF1FFA8D610051EF9A /* DocentPlayListHeaderCell.swift in Sources */,
				0A149AC81FFA213800E12932 /* ExtensionControl.swift in Sources */,
				0A149AD01FFA2F7800E12932 /* DocentListTableViewCell.swift in Sources */,
				0A149AC01FFA1A4200E12932 /* DocentMainViewController.swift in Sources */,
				0A149AC61FFA209A00E12932 /* DocentMyTableViewController.swift in Sources */,
				0AEFBF0C1FF93D0A0090920B /* AppDelegate.swift in Sources */,
				0A72FAFD1FFA5D7B0051EF9A /* SplashViewController.swift in Sources */,
			);
			runOnlyForDeploymentPostprocessing = 0;
		};
/* End PBXSourcesBuildPhase section */

/* Begin PBXVariantGroup section */
		0AEFBF0F1FF93D0A0090920B /* Main.storyboard */ = {
			isa = PBXVariantGroup;
			children = (
				0AEFBF101FF93D0A0090920B /* Base */,
			);
			name = Main.storyboard;
			sourceTree = "<group>";
		};
		0AEFBF141FF93D0A0090920B /* LaunchScreen.storyboard */ = {
			isa = PBXVariantGroup;
			children = (
				0AEFBF151FF93D0B0090920B /* Base */,
			);
			name = LaunchScreen.storyboard;
			sourceTree = "<group>";
		};
/* End PBXVariantGroup section */

/* Begin XCBuildConfiguration section */
		0AEFBF181FF93D0B0090920B /* Debug */ = {
			isa = XCBuildConfiguration;
			buildSettings = {
				ALWAYS_SEARCH_USER_PATHS = NO;
				CLANG_ANALYZER_NONNULL = YES;
				CLANG_ANALYZER_NUMBER_OBJECT_CONVERSION = YES_AGGRESSIVE;
				CLANG_CXX_LANGUAGE_STANDARD = "gnu++14";
				CLANG_CXX_LIBRARY = "libc++";
				CLANG_ENABLE_MODULES = YES;
				CLANG_ENABLE_OBJC_ARC = YES;
				CLANG_WARN_BLOCK_CAPTURE_AUTORELEASING = YES;
				CLANG_WARN_BOOL_CONVERSION = YES;
				CLANG_WARN_COMMA = YES;
				CLANG_WARN_CONSTANT_CONVERSION = YES;
				CLANG_WARN_DIRECT_OBJC_ISA_USAGE = YES_ERROR;
				CLANG_WARN_DOCUMENTATION_COMMENTS = YES;
				CLANG_WARN_EMPTY_BODY = YES;
				CLANG_WARN_ENUM_CONVERSION = YES;
				CLANG_WARN_INFINITE_RECURSION = YES;
				CLANG_WARN_INT_CONVERSION = YES;
				CLANG_WARN_NON_LITERAL_NULL_CONVERSION = YES;
				CLANG_WARN_OBJC_LITERAL_CONVERSION = YES;
				CLANG_WARN_OBJC_ROOT_CLASS = YES_ERROR;
				CLANG_WARN_RANGE_LOOP_ANALYSIS = YES;
				CLANG_WARN_STRICT_PROTOTYPES = YES;
				CLANG_WARN_SUSPICIOUS_MOVE = YES;
				CLANG_WARN_UNGUARDED_AVAILABILITY = YES_AGGRESSIVE;
				CLANG_WARN_UNREACHABLE_CODE = YES;
				CLANG_WARN__DUPLICATE_METHOD_MATCH = YES;
				CODE_SIGN_IDENTITY = "iPhone Developer";
				COPY_PHASE_STRIP = NO;
				DEBUG_INFORMATION_FORMAT = dwarf;
				ENABLE_STRICT_OBJC_MSGSEND = YES;
				ENABLE_TESTABILITY = YES;
				GCC_C_LANGUAGE_STANDARD = gnu11;
				GCC_DYNAMIC_NO_PIC = NO;
				GCC_NO_COMMON_BLOCKS = YES;
				GCC_OPTIMIZATION_LEVEL = 0;
				GCC_PREPROCESSOR_DEFINITIONS = (
					"DEBUG=1",
					"$(inherited)",
				);
				GCC_WARN_64_TO_32_BIT_CONVERSION = YES;
				GCC_WARN_ABOUT_RETURN_TYPE = YES_ERROR;
				GCC_WARN_UNDECLARED_SELECTOR = YES;
				GCC_WARN_UNINITIALIZED_AUTOS = YES_AGGRESSIVE;
				GCC_WARN_UNUSED_FUNCTION = YES;
				GCC_WARN_UNUSED_VARIABLE = YES;
				IPHONEOS_DEPLOYMENT_TARGET = 10.3;
				MTL_ENABLE_DEBUG_INFO = YES;
				ONLY_ACTIVE_ARCH = YES;
				SDKROOT = iphoneos;
				SWIFT_ACTIVE_COMPILATION_CONDITIONS = DEBUG;
				SWIFT_OPTIMIZATION_LEVEL = "-Onone";
			};
			name = Debug;
		};
		0AEFBF191FF93D0B0090920B /* Release */ = {
			isa = XCBuildConfiguration;
			buildSettings = {
				ALWAYS_SEARCH_USER_PATHS = NO;
				CLANG_ANALYZER_NONNULL = YES;
				CLANG_ANALYZER_NUMBER_OBJECT_CONVERSION = YES_AGGRESSIVE;
				CLANG_CXX_LANGUAGE_STANDARD = "gnu++14";
				CLANG_CXX_LIBRARY = "libc++";
				CLANG_ENABLE_MODULES = YES;
				CLANG_ENABLE_OBJC_ARC = YES;
				CLANG_WARN_BLOCK_CAPTURE_AUTORELEASING = YES;
				CLANG_WARN_BOOL_CONVERSION = YES;
				CLANG_WARN_COMMA = YES;
				CLANG_WARN_CONSTANT_CONVERSION = YES;
				CLANG_WARN_DIRECT_OBJC_ISA_USAGE = YES_ERROR;
				CLANG_WARN_DOCUMENTATION_COMMENTS = YES;
				CLANG_WARN_EMPTY_BODY = YES;
				CLANG_WARN_ENUM_CONVERSION = YES;
				CLANG_WARN_INFINITE_RECURSION = YES;
				CLANG_WARN_INT_CONVERSION = YES;
				CLANG_WARN_NON_LITERAL_NULL_CONVERSION = YES;
				CLANG_WARN_OBJC_LITERAL_CONVERSION = YES;
				CLANG_WARN_OBJC_ROOT_CLASS = YES_ERROR;
				CLANG_WARN_RANGE_LOOP_ANALYSIS = YES;
				CLANG_WARN_STRICT_PROTOTYPES = YES;
				CLANG_WARN_SUSPICIOUS_MOVE = YES;
				CLANG_WARN_UNGUARDED_AVAILABILITY = YES_AGGRESSIVE;
				CLANG_WARN_UNREACHABLE_CODE = YES;
				CLANG_WARN__DUPLICATE_METHOD_MATCH = YES;
				CODE_SIGN_IDENTITY = "iPhone Developer";
				COPY_PHASE_STRIP = NO;
				DEBUG_INFORMATION_FORMAT = "dwarf-with-dsym";
				ENABLE_NS_ASSERTIONS = NO;
				ENABLE_STRICT_OBJC_MSGSEND = YES;
				GCC_C_LANGUAGE_STANDARD = gnu11;
				GCC_NO_COMMON_BLOCKS = YES;
				GCC_WARN_64_TO_32_BIT_CONVERSION = YES;
				GCC_WARN_ABOUT_RETURN_TYPE = YES_ERROR;
				GCC_WARN_UNDECLARED_SELECTOR = YES;
				GCC_WARN_UNINITIALIZED_AUTOS = YES_AGGRESSIVE;
				GCC_WARN_UNUSED_FUNCTION = YES;
				GCC_WARN_UNUSED_VARIABLE = YES;
				IPHONEOS_DEPLOYMENT_TARGET = 10.3;
				MTL_ENABLE_DEBUG_INFO = NO;
				SDKROOT = iphoneos;
				SWIFT_OPTIMIZATION_LEVEL = "-Owholemodule";
				VALIDATE_PRODUCT = YES;
			};
			name = Release;
		};
		0AEFBF1B1FF93D0B0090920B /* Debug */ = {
			isa = XCBuildConfiguration;
			baseConfigurationReference = 269DEB1E069B0D76B42B6BC9 /* Pods-Easy_Fun_Art.debug.xcconfig */;
			buildSettings = {
				ASSETCATALOG_COMPILER_APPICON_NAME = AppIcon;
				CODE_SIGN_STYLE = Automatic;
				DEVELOPMENT_TEAM = Y6J9HAPEME;
				INFOPLIST_FILE = "$(SRCROOT)/Easy_Fun_Art/SupportingFiles/Info.plist";
				LD_RUNPATH_SEARCH_PATHS = "$(inherited) @executable_path/Frameworks";
				PRODUCT_BUNDLE_IDENTIFIER = "com.hyejin.Easy-Fun-Art";
				PRODUCT_NAME = "Easy Fun Art";
				SWIFT_VERSION = 4.0;
				TARGETED_DEVICE_FAMILY = "1,2";
			};
			name = Debug;
		};
		0AEFBF1C1FF93D0B0090920B /* Release */ = {
			isa = XCBuildConfiguration;
			baseConfigurationReference = 84A242DA41525B3771560F59 /* Pods-Easy_Fun_Art.release.xcconfig */;
			buildSettings = {
				ASSETCATALOG_COMPILER_APPICON_NAME = AppIcon;
				CODE_SIGN_STYLE = Automatic;
				DEVELOPMENT_TEAM = Y6J9HAPEME;
				INFOPLIST_FILE = "$(SRCROOT)/Easy_Fun_Art/SupportingFiles/Info.plist";
				LD_RUNPATH_SEARCH_PATHS = "$(inherited) @executable_path/Frameworks";
				PRODUCT_BUNDLE_IDENTIFIER = "com.hyejin.Easy-Fun-Art";
				PRODUCT_NAME = "Easy Fun Art";
				SWIFT_VERSION = 4.0;
				TARGETED_DEVICE_FAMILY = "1,2";
			};
			name = Release;
		};
/* End XCBuildConfiguration section */

/* Begin XCConfigurationList section */
		0AEFBF031FF93D0A0090920B /* Build configuration list for PBXProject "Easy_Fun_Art" */ = {
			isa = XCConfigurationList;
			buildConfigurations = (
				0AEFBF181FF93D0B0090920B /* Debug */,
				0AEFBF191FF93D0B0090920B /* Release */,
			);
			defaultConfigurationIsVisible = 0;
			defaultConfigurationName = Release;
		};
		0AEFBF1A1FF93D0B0090920B /* Build configuration list for PBXNativeTarget "Easy_Fun_Art" */ = {
			isa = XCConfigurationList;
			buildConfigurations = (
				0AEFBF1B1FF93D0B0090920B /* Debug */,
				0AEFBF1C1FF93D0B0090920B /* Release */,
			);
			defaultConfigurationIsVisible = 0;
			defaultConfigurationName = Release;
		};
/* End XCConfigurationList section */
	};
	rootObject = 0AEFBF001FF93D0A0090920B /* Project object */;
}
