PODS:
  - Alamofire (4.5.1)
  - RAMAnimatedTabBarController (3.0.0)
  - SwiftyJSON (4.0.0)
  - XLPagerTabStrip (8.0.0)

DEPENDENCIES:
  - Alamofire
  - RAMAnimatedTabBarController
  - SwiftyJSON
  - XLPagerTabStrip (~> 8.0)

SPEC CHECKSUMS:
  Alamofire: 2d95912bf4c34f164fdfc335872e8c312acaea4a
  RAMAnimatedTabBarController: 6d0638ad14db4939006e8c58933e05bde93e66f6
  SwiftyJSON: 070dabdcb1beb81b247c65ffa3a79dbbfb3b48aa
  XLPagerTabStrip: d1ab378af0923320ec0b5eab11d7b2f803d31261

PODFILE CHECKSUM: c579c82f307e6f725962a6c56e350bf16b5a7f1a

COCOAPODS: 1.2.1
